
Microsoft Visual Studio Solution File, Format Version 12.00
# Visual Studio Version 17
VisualStudioVersion = 17.7.34031.279
MinimumVisualStudioVersion = 10.0.40219.1
Project("{9A19103F-16F7-4668-BE54-9A1E7A4F7556}") = "SIIILab2", "SIIILab2\SIIILab2.csproj", "{A543E25C-0188-4D61-9536-329C4C45F793}"
EndProject
Project("{FAE04EC0-301F-11D3-BF4B-00C04F79EFBC}") = "SIIILab2.Tests", "SIIILab2.Tests\SIIILab2.Tests.csproj", "{B57F445A-CFFE-470E-9A46-7391BCB82D8F}"
EndProject
Global
	GlobalSection(SolutionConfigurationPlatforms) = preSolution
		Debug|Any CPU = Debug|Any CPU
		Release|Any CPU = Release|Any CPU
	EndGlobalSection
	GlobalSection(ProjectConfigurationPlatforms) = postSolution
		{A543E25C-0188-4D61-9536-329C4C45F793}.Debug|Any CPU.ActiveCfg = Debug|Any CPU
		{A543E25C-0188-4D61-9536-329C4C45F793}.Debug|Any CPU.Build.0 = Debug|Any CPU
		{A543E25C-0188-4D61-9536-329C4C45F793}.Release|Any CPU.ActiveCfg = Release|Any CPU
		{A543E25C-0188-4D61-9536-329C4C45F793}.Release|Any CPU.Build.0 = Release|Any CPU
		{B57F445A-CFFE-470E-9A46-7391BCB82D8F}.Debug|Any CPU.ActiveCfg = Debug|Any CPU
		{B57F445A-CFFE-470E-9A46-7391BCB82D8F}.Debug|Any CPU.Build.0 = Debug|Any CPU
		{B57F445A-CFFE-470E-9A46-7391BCB82D8F}.Release|Any CPU.ActiveCfg = Release|Any CPU
		{B57F445A-CFFE-470E-9A46-7391BCB82D8F}.Release|Any CPU.Build.0 = Release|Any CPU
	EndGlobalSection
	GlobalSection(SolutionProperties) = preSolution
		HideSolutionNode = FALSE
	EndGlobalSection
	GlobalSection(ExtensibilityGlobals) = postSolution
		SolutionGuid = {45DC4EC9-BD16-4D35-BD5C-CBAA87E91530}
	EndGlobalSection
EndGlobal
